
Microsoft Visual Studio Solution File, Format Version 12.00
# Visual Studio 15
VisualStudioVersion = 15.0.28307.136
MinimumVisualStudioVersion = 10.0.40219.1
Project("{FAE04EC0-301F-11D3-BF4B-00C04F79EFBC}") = "ListViewAsGrid.Android", "ListViewAsGrid\ListViewAsGrid.Android\ListViewAsGrid.Android.csproj", "{96BD9047-3754-4EBE-BDB9-A9D5B39CCC63}"
EndProject
Project("{FAE04EC0-301F-11D3-BF4B-00C04F79EFBC}") = "ListViewAsGrid.iOS", "ListViewAsGrid\ListViewAsGrid.iOS\ListViewAsGrid.iOS.csproj", "{310063A8-1073-404C-B6A9-F5FE9D2D0E97}"
EndProject
Project("{FAE04EC0-301F-11D3-BF4B-00C04F79EFBC}") = "ListViewAsGrid.UWP", "ListViewAsGrid\ListViewAsGrid.UWP\ListViewAsGrid.UWP.csproj", "{38FCC8A3-DE46-4CD3-BE32-0D1508834992}"
EndProject
Project("{FAE04EC0-301F-11D3-BF4B-00C04F79EFBC}") = "ListViewAsGrid", "ListViewAsGrid\ListViewAsGrid\ListViewAsGrid.csproj", "{7AAB5BE9-06A7-4FF3-80DC-974FC0F7E792}"
EndProject
Global
	GlobalSection(SolutionConfigurationPlatforms) = preSolution
		Ad-Hoc|Any CPU = Ad-Hoc|Any CPU
		Ad-Hoc|ARM = Ad-Hoc|ARM
		Ad-Hoc|iPhone = Ad-Hoc|iPhone
		Ad-Hoc|iPhoneSimulator = Ad-Hoc|iPhoneSimulator
		Ad-Hoc|x64 = Ad-Hoc|x64
		Ad-Hoc|x86 = Ad-Hoc|x86
		AppStore|Any CPU = AppStore|Any CPU
		AppStore|ARM = AppStore|ARM
		AppStore|iPhone = AppStore|iPhone
		AppStore|iPhoneSimulator = AppStore|iPhoneSimulator
		AppStore|x64 = AppStore|x64
		AppStore|x86 = AppStore|x86
		Debug|Any CPU = Debug|Any CPU
		Debug|ARM = Debug|ARM
		Debug|iPhone = Debug|iPhone
		Debug|iPhoneSimulator = Debug|iPhoneSimulator
		Debug|x64 = Debug|x64
		Debug|x86 = Debug|x86
		Release|Any CPU = Release|Any CPU
		Release|ARM = Release|ARM
		Release|iPhone = Release|iPhone
		Release|iPhoneSimulator = Release|iPhoneSimulator
		Release|x64 = Release|x64
		Release|x86 = Release|x86
	EndGlobalSection
	GlobalSection(ProjectConfigurationPlatforms) = postSolution
		{96BD9047-3754-4EBE-BDB9-A9D5B39CCC63}.Ad-Hoc|Any CPU.ActiveCfg = Release|Any CPU
		{96BD9047-3754-4EBE-BDB9-A9D5B39CCC63}.Ad-Hoc|Any CPU.Build.0 = Release|Any CPU
		{96BD9047-3754-4EBE-BDB9-A9D5B39CCC63}.Ad-Hoc|Any CPU.Deploy.0 = Release|Any CPU
		{96BD9047-3754-4EBE-BDB9-A9D5B39CCC63}.Ad-Hoc|ARM.ActiveCfg = Release|Any CPU
		{96BD9047-3754-4EBE-BDB9-A9D5B39CCC63}.Ad-Hoc|ARM.Build.0 = Release|Any CPU
		{96BD9047-3754-4EBE-BDB9-A9D5B39CCC63}.Ad-Hoc|ARM.Deploy.0 = Release|Any CPU
		{96BD9047-3754-4EBE-BDB9-A9D5B39CCC63}.Ad-Hoc|iPhone.ActiveCfg = Release|Any CPU
		{96BD9047-3754-4EBE-BDB9-A9D5B39CCC63}.Ad-Hoc|iPhone.Build.0 = Release|Any CPU
		{96BD9047-3754-4EBE-BDB9-A9D5B39CCC63}.Ad-Hoc|iPhone.Deploy.0 = Release|Any CPU
		{96BD9047-3754-4EBE-BDB9-A9D5B39CCC63}.Ad-Hoc|iPhoneSimulator.ActiveCfg = Release|Any CPU
		{96BD9047-3754-4EBE-BDB9-A9D5B39CCC63}.Ad-Hoc|iPhoneSimulator.Build.0 = Release|Any CPU
		{96BD9047-3754-4EBE-BDB9-A9D5B39CCC63}.Ad-Hoc|iPhoneSimulator.Deploy.0 = Release|Any CPU
		{96BD9047-3754-4EBE-BDB9-A9D5B39CCC63}.Ad-Hoc|x64.ActiveCfg = Release|Any CPU
		{96BD9047-3754-4EBE-BDB9-A9D5B39CCC63}.Ad-Hoc|x64.Build.0 = Release|Any CPU
		{96BD9047-3754-4EBE-BDB9-A9D5B39CCC63}.Ad-Hoc|x64.Deploy.0 = Release|Any CPU
		{96BD9047-3754-4EBE-BDB9-A9D5B39CCC63}.Ad-Hoc|x86.ActiveCfg = Release|Any CPU
		{96BD9047-3754-4EBE-BDB9-A9D5B39CCC63}.Ad-Hoc|x86.Build.0 = Release|Any CPU
		{96BD9047-3754-4EBE-BDB9-A9D5B39CCC63}.Ad-Hoc|x86.Deploy.0 = Release|Any CPU
		{96BD9047-3754-4EBE-BDB9-A9D5B39CCC63}.AppStore|Any CPU.ActiveCfg = Release|Any CPU
		{96BD9047-3754-4EBE-BDB9-A9D5B39CCC63}.AppStore|Any CPU.Build.0 = Release|Any CPU
		{96BD9047-3754-4EBE-BDB9-A9D5B39CCC63}.AppStore|Any CPU.Deploy.0 = Release|Any CPU
		{96BD9047-3754-4EBE-BDB9-A9D5B39CCC63}.AppStore|ARM.ActiveCfg = Release|Any CPU
		{96BD9047-3754-4EBE-BDB9-A9D5B39CCC63}.AppStore|ARM.Build.0 = Release|Any CPU
		{96BD9047-3754-4EBE-BDB9-A9D5B39CCC63}.AppStore|ARM.Deploy.0 = Release|Any CPU
		{96BD9047-3754-4EBE-BDB9-A9D5B39CCC63}.AppStore|iPhone.ActiveCfg = Release|Any CPU
		{96BD9047-3754-4EBE-BDB9-A9D5B39CCC63}.AppStore|iPhone.Build.0 = Release|Any CPU
		{96BD9047-3754-4EBE-BDB9-A9D5B39CCC63}.AppStore|iPhone.Deploy.0 = Release|Any CPU
		{96BD9047-3754-4EBE-BDB9-A9D5B39CCC63}.AppStore|iPhoneSimulator.ActiveCfg = Release|Any CPU
		{96BD9047-3754-4EBE-BDB9-A9D5B39CCC63}.AppStore|iPhoneSimulator.Build.0 = Release|Any CPU
		{96BD9047-3754-4EBE-BDB9-A9D5B39CCC63}.AppStore|iPhoneSimulator.Deploy.0 = Release|Any CPU
		{96BD9047-3754-4EBE-BDB9-A9D5B39CCC63}.AppStore|x64.ActiveCfg = Release|Any CPU
		{96BD9047-3754-4EBE-BDB9-A9D5B39CCC63}.AppStore|x64.Build.0 = Release|Any CPU
		{96BD9047-3754-4EBE-BDB9-A9D5B39CCC63}.AppStore|x64.Deploy.0 = Release|Any CPU
		{96BD9047-3754-4EBE-BDB9-A9D5B39CCC63}.AppStore|x86.ActiveCfg = Release|Any CPU
		{96BD9047-3754-4EBE-BDB9-A9D5B39CCC63}.AppStore|x86.Build.0 = Release|Any CPU
		{96BD9047-3754-4EBE-BDB9-A9D5B39CCC63}.AppStore|x86.Deploy.0 = Release|Any CPU
		{96BD9047-3754-4EBE-BDB9-A9D5B39CCC63}.Debug|Any CPU.ActiveCfg = Debug|Any CPU
		{96BD9047-3754-4EBE-BDB9-A9D5B39CCC63}.Debug|Any CPU.Build.0 = Debug|Any CPU
		{96BD9047-3754-4EBE-BDB9-A9D5B39CCC63}.Debug|Any CPU.Deploy.0 = Debug|Any CPU
		{96BD9047-3754-4EBE-BDB9-A9D5B39CCC63}.Debug|ARM.ActiveCfg = Debug|Any CPU
		{96BD9047-3754-4EBE-BDB9-A9D5B39CCC63}.Debug|ARM.Build.0 = Debug|Any CPU
		{96BD9047-3754-4EBE-BDB9-A9D5B39CCC63}.Debug|ARM.Deploy.0 = Debug|Any CPU
		{96BD9047-3754-4EBE-BDB9-A9D5B39CCC63}.Debug|iPhone.ActiveCfg = Debug|Any CPU
		{96BD9047-3754-4EBE-BDB9-A9D5B39CCC63}.Debug|iPhone.Build.0 = Debug|Any CPU
		{96BD9047-3754-4EBE-BDB9-A9D5B39CCC63}.Debug|iPhone.Deploy.0 = Debug|Any CPU
		{96BD9047-3754-4EBE-BDB9-A9D5B39CCC63}.Debug|iPhoneSimulator.ActiveCfg = Debug|Any CPU
		{96BD9047-3754-4EBE-BDB9-A9D5B39CCC63}.Debug|iPhoneSimulator.Build.0 = Debug|Any CPU
		{96BD9047-3754-4EBE-BDB9-A9D5B39CCC63}.Debug|iPhoneSimulator.Deploy.0 = Debug|Any CPU
		{96BD9047-3754-4EBE-BDB9-A9D5B39CCC63}.Debug|x64.ActiveCfg = Debug|Any CPU
		{96BD9047-3754-4EBE-BDB9-A9D5B39CCC63}.Debug|x64.Build.0 = Debug|Any CPU
		{96BD9047-3754-4EBE-BDB9-A9D5B39CCC63}.Debug|x64.Deploy.0 = Debug|Any CPU
		{96BD9047-3754-4EBE-BDB9-A9D5B39CCC63}.Debug|x86.ActiveCfg = Debug|Any CPU
		{96BD9047-3754-4EBE-BDB9-A9D5B39CCC63}.Debug|x86.Build.0 = Debug|Any CPU
		{96BD9047-3754-4EBE-BDB9-A9D5B39CCC63}.Debug|x86.Deploy.0 = Debug|Any CPU
		{96BD9047-3754-4EBE-BDB9-A9D5B39CCC63}.Release|Any CPU.ActiveCfg = Release|Any CPU
		{96BD9047-3754-4EBE-BDB9-A9D5B39CCC63}.Release|Any CPU.Build.0 = Release|Any CPU
		{96BD9047-3754-4EBE-BDB9-A9D5B39CCC63}.Release|Any CPU.Deploy.0 = Release|Any CPU
		{96BD9047-3754-4EBE-BDB9-A9D5B39CCC63}.Release|ARM.ActiveCfg = Release|Any CPU
		{96BD9047-3754-4EBE-BDB9-A9D5B39CCC63}.Release|ARM.Build.0 = Release|Any CPU
		{96BD9047-3754-4EBE-BDB9-A9D5B39CCC63}.Release|ARM.Deploy.0 = Release|Any CPU
		{96BD9047-3754-4EBE-BDB9-A9D5B39CCC63}.Release|iPhone.ActiveCfg = Release|Any CPU
		{96BD9047-3754-4EBE-BDB9-A9D5B39CCC63}.Release|iPhone.Build.0 = Release|Any CPU
		{96BD9047-3754-4EBE-BDB9-A9D5B39CCC63}.Release|iPhone.Deploy.0 = Release|Any CPU
		{96BD9047-3754-4EBE-BDB9-A9D5B39CCC63}.Release|iPhoneSimulator.ActiveCfg = Release|Any CPU
		{96BD9047-3754-4EBE-BDB9-A9D5B39CCC63}.Release|iPhoneSimulator.Build.0 = Release|Any CPU
		{96BD9047-3754-4EBE-BDB9-A9D5B39CCC63}.Release|iPhoneSimulator.Deploy.0 = Release|Any CPU
		{96BD9047-3754-4EBE-BDB9-A9D5B39CCC63}.Release|x64.ActiveCfg = Release|Any CPU
		{96BD9047-3754-4EBE-BDB9-A9D5B39CCC63}.Release|x64.Build.0 = Release|Any CPU
		{96BD9047-3754-4EBE-BDB9-A9D5B39CCC63}.Release|x64.Deploy.0 = Release|Any CPU
		{96BD9047-3754-4EBE-BDB9-A9D5B39CCC63}.Release|x86.ActiveCfg = Release|Any CPU
		{96BD9047-3754-4EBE-BDB9-A9D5B39CCC63}.Release|x86.Build.0 = Release|Any CPU
		{96BD9047-3754-4EBE-BDB9-A9D5B39CCC63}.Release|x86.Deploy.0 = Release|Any CPU
		{310063A8-1073-404C-B6A9-F5FE9D2D0E97}.Ad-Hoc|Any CPU.ActiveCfg = Ad-Hoc|iPhone
		{310063A8-1073-404C-B6A9-F5FE9D2D0E97}.Ad-Hoc|Any CPU.Build.0 = Ad-Hoc|iPhone
		{310063A8-1073-404C-B6A9-F5FE9D2D0E97}.Ad-Hoc|Any CPU.Deploy.0 = Ad-Hoc|iPhone
		{310063A8-1073-404C-B6A9-F5FE9D2D0E97}.Ad-Hoc|ARM.ActiveCfg = Ad-Hoc|iPhone
		{310063A8-1073-404C-B6A9-F5FE9D2D0E97}.Ad-Hoc|ARM.Build.0 = Ad-Hoc|iPhone
		{310063A8-1073-404C-B6A9-F5FE9D2D0E97}.Ad-Hoc|ARM.Deploy.0 = Ad-Hoc|iPhone
		{310063A8-1073-404C-B6A9-F5FE9D2D0E97}.Ad-Hoc|iPhone.ActiveCfg = Ad-Hoc|iPhone
		{310063A8-1073-404C-B6A9-F5FE9D2D0E97}.Ad-Hoc|iPhone.Build.0 = Ad-Hoc|iPhone
		{310063A8-1073-404C-B6A9-F5FE9D2D0E97}.Ad-Hoc|iPhone.Deploy.0 = Ad-Hoc|iPhone
		{310063A8-1073-404C-B6A9-F5FE9D2D0E97}.Ad-Hoc|iPhoneSimulator.ActiveCfg = Ad-Hoc|iPhoneSimulator
		{310063A8-1073-404C-B6A9-F5FE9D2D0E97}.Ad-Hoc|iPhoneSimulator.Build.0 = Ad-Hoc|iPhoneSimulator
		{310063A8-1073-404C-B6A9-F5FE9D2D0E97}.Ad-Hoc|iPhoneSimulator.Deploy.0 = Ad-Hoc|iPhoneSimulator
		{310063A8-1073-404C-B6A9-F5FE9D2D0E97}.Ad-Hoc|x64.ActiveCfg = Ad-Hoc|iPhone
		{310063A8-1073-404C-B6A9-F5FE9D2D0E97}.Ad-Hoc|x64.Build.0 = Ad-Hoc|iPhone
		{310063A8-1073-404C-B6A9-F5FE9D2D0E97}.Ad-Hoc|x64.Deploy.0 = Ad-Hoc|iPhone
		{310063A8-1073-404C-B6A9-F5FE9D2D0E97}.Ad-Hoc|x86.ActiveCfg = Ad-Hoc|iPhone
		{310063A8-1073-404C-B6A9-F5FE9D2D0E97}.Ad-Hoc|x86.Build.0 = Ad-Hoc|iPhone
		{310063A8-1073-404C-B6A9-F5FE9D2D0E97}.Ad-Hoc|x86.Deploy.0 = Ad-Hoc|iPhone
		{310063A8-1073-404C-B6A9-F5FE9D2D0E97}.AppStore|Any CPU.ActiveCfg = AppStore|iPhone
		{310063A8-1073-404C-B6A9-F5FE9D2D0E97}.AppStore|Any CPU.Build.0 = AppStore|iPhone
		{310063A8-1073-404C-B6A9-F5FE9D2D0E97}.AppStore|Any CPU.Deploy.0 = AppStore|iPhone
		{310063A8-1073-404C-B6A9-F5FE9D2D0E97}.AppStore|ARM.ActiveCfg = AppStore|iPhone
		{310063A8-1073-404C-B6A9-F5FE9D2D0E97}.AppStore|ARM.Build.0 = AppStore|iPhone
		{310063A8-1073-404C-B6A9-F5FE9D2D0E97}.AppStore|ARM.Deploy.0 = AppStore|iPhone
		{310063A8-1073-404C-B6A9-F5FE9D2D0E97}.AppStore|iPhone.ActiveCfg = AppStore|iPhone
		{310063A8-1073-404C-B6A9-F5FE9D2D0E97}.AppStore|iPhone.Build.0 = AppStore|iPhone
		{310063A8-1073-404C-B6A9-F5FE9D2D0E97}.AppStore|iPhone.Deploy.0 = AppStore|iPhone
		{310063A8-1073-404C-B6A9-F5FE9D2D0E97}.AppStore|iPhoneSimulator.ActiveCfg = AppStore|iPhoneSimulator
		{310063A8-1073-404C-B6A9-F5FE9D2D0E97}.AppStore|iPhoneSimulator.Build.0 = AppStore|iPhoneSimulator
		{310063A8-1073-404C-B6A9-F5FE9D2D0E97}.AppStore|iPhoneSimulator.Deploy.0 = AppStore|iPhoneSimulator
		{310063A8-1073-404C-B6A9-F5FE9D2D0E97}.AppStore|x64.ActiveCfg = AppStore|iPhone
		{310063A8-1073-404C-B6A9-F5FE9D2D0E97}.AppStore|x64.Build.0 = AppStore|iPhone
		{310063A8-1073-404C-B6A9-F5FE9D2D0E97}.AppStore|x64.Deploy.0 = AppStore|iPhone
		{310063A8-1073-404C-B6A9-F5FE9D2D0E97}.AppStore|x86.ActiveCfg = AppStore|iPhone
		{310063A8-1073-404C-B6A9-F5FE9D2D0E97}.AppStore|x86.Build.0 = AppStore|iPhone
		{310063A8-1073-404C-B6A9-F5FE9D2D0E97}.AppStore|x86.Deploy.0 = AppStore|iPhone
		{310063A8-1073-404C-B6A9-F5FE9D2D0E97}.Debug|Any CPU.ActiveCfg = Debug|iPhoneSimulator
		{310063A8-1073-404C-B6A9-F5FE9D2D0E97}.Debug|Any CPU.Build.0 = Debug|iPhoneSimulator
		{310063A8-1073-404C-B6A9-F5FE9D2D0E97}.Debug|Any CPU.Deploy.0 = Debug|iPhoneSimulator
		{310063A8-1073-404C-B6A9-F5FE9D2D0E97}.Debug|ARM.ActiveCfg = Debug|iPhone
		{310063A8-1073-404C-B6A9-F5FE9D2D0E97}.Debug|ARM.Build.0 = Debug|iPhone
		{310063A8-1073-404C-B6A9-F5FE9D2D0E97}.Debug|ARM.Deploy.0 = Debug|iPhone
		{310063A8-1073-404C-B6A9-F5FE9D2D0E97}.Debug|iPhone.ActiveCfg = Debug|iPhone
		{310063A8-1073-404C-B6A9-F5FE9D2D0E97}.Debug|iPhone.Build.0 = Debug|iPhone
		{310063A8-1073-404C-B6A9-F5FE9D2D0E97}.Debug|iPhone.Deploy.0 = Debug|iPhone
		{310063A8-1073-404C-B6A9-F5FE9D2D0E97}.Debug|iPhoneSimulator.ActiveCfg = Debug|iPhoneSimulator
		{310063A8-1073-404C-B6A9-F5FE9D2D0E97}.Debug|iPhoneSimulator.Build.0 = Debug|iPhoneSimulator
		{310063A8-1073-404C-B6A9-F5FE9D2D0E97}.Debug|iPhoneSimulator.Deploy.0 = Debug|iPhoneSimulator
		{310063A8-1073-404C-B6A9-F5FE9D2D0E97}.Debug|x64.ActiveCfg = Debug|iPhone
		{310063A8-1073-404C-B6A9-F5FE9D2D0E97}.Debug|x64.Build.0 = Debug|iPhone
		{310063A8-1073-404C-B6A9-F5FE9D2D0E97}.Debug|x64.Deploy.0 = Debug|iPhone
		{310063A8-1073-404C-B6A9-F5FE9D2D0E97}.Debug|x86.ActiveCfg = Debug|iPhone
		{310063A8-1073-404C-B6A9-F5FE9D2D0E97}.Debug|x86.Build.0 = Debug|iPhone
		{310063A8-1073-404C-B6A9-F5FE9D2D0E97}.Debug|x86.Deploy.0 = Debug|iPhone
		{310063A8-1073-404C-B6A9-F5FE9D2D0E97}.Release|Any CPU.ActiveCfg = Release|iPhone
		{310063A8-1073-404C-B6A9-F5FE9D2D0E97}.Release|Any CPU.Build.0 = Release|iPhone
		{310063A8-1073-404C-B6A9-F5FE9D2D0E97}.Release|Any CPU.Deploy.0 = Release|iPhone
		{310063A8-1073-404C-B6A9-F5FE9D2D0E97}.Release|ARM.ActiveCfg = Release|iPhone
		{310063A8-1073-404C-B6A9-F5FE9D2D0E97}.Release|ARM.Build.0 = Release|iPhone
		{310063A8-1073-404C-B6A9-F5FE9D2D0E97}.Release|ARM.Deploy.0 = Release|iPhone
		{310063A8-1073-404C-B6A9-F5FE9D2D0E97}.Release|iPhone.ActiveCfg = Release|iPhone
		{310063A8-1073-404C-B6A9-F5FE9D2D0E97}.Release|iPhone.Build.0 = Release|iPhone
		{310063A8-1073-404C-B6A9-F5FE9D2D0E97}.Release|iPhone.Deploy.0 = Release|iPhone
		{310063A8-1073-404C-B6A9-F5FE9D2D0E97}.Release|iPhoneSimulator.ActiveCfg = Release|iPhoneSimulator
		{310063A8-1073-404C-B6A9-F5FE9D2D0E97}.Release|iPhoneSimulator.Build.0 = Release|iPhoneSimulator
		{310063A8-1073-404C-B6A9-F5FE9D2D0E97}.Release|iPhoneSimulator.Deploy.0 = Release|iPhoneSimulator
		{310063A8-1073-404C-B6A9-F5FE9D2D0E97}.Release|x64.ActiveCfg = Release|iPhone
		{310063A8-1073-404C-B6A9-F5FE9D2D0E97}.Release|x64.Build.0 = Release|iPhone
		{310063A8-1073-404C-B6A9-F5FE9D2D0E97}.Release|x64.Deploy.0 = Release|iPhone
		{310063A8-1073-404C-B6A9-F5FE9D2D0E97}.Release|x86.ActiveCfg = Release|iPhone
		{310063A8-1073-404C-B6A9-F5FE9D2D0E97}.Release|x86.Build.0 = Release|iPhone
		{310063A8-1073-404C-B6A9-F5FE9D2D0E97}.Release|x86.Deploy.0 = Release|iPhone
		{38FCC8A3-DE46-4CD3-BE32-0D1508834992}.Ad-Hoc|Any CPU.ActiveCfg = Release|x86
		{38FCC8A3-DE46-4CD3-BE32-0D1508834992}.Ad-Hoc|Any CPU.Build.0 = Release|x86
		{38FCC8A3-DE46-4CD3-BE32-0D1508834992}.Ad-Hoc|Any CPU.Deploy.0 = Release|x86
		{38FCC8A3-DE46-4CD3-BE32-0D1508834992}.Ad-Hoc|ARM.ActiveCfg = Release|ARM
		{38FCC8A3-DE46-4CD3-BE32-0D1508834992}.Ad-Hoc|ARM.Build.0 = Release|ARM
		{38FCC8A3-DE46-4CD3-BE32-0D1508834992}.Ad-Hoc|ARM.Deploy.0 = Release|ARM
		{38FCC8A3-DE46-4CD3-BE32-0D1508834992}.Ad-Hoc|iPhone.ActiveCfg = Release|x86
		{38FCC8A3-DE46-4CD3-BE32-0D1508834992}.Ad-Hoc|iPhone.Build.0 = Release|x86
		{38FCC8A3-DE46-4CD3-BE32-0D1508834992}.Ad-Hoc|iPhone.Deploy.0 = Release|x86
		{38FCC8A3-DE46-4CD3-BE32-0D1508834992}.Ad-Hoc|iPhoneSimulator.ActiveCfg = Release|x86
		{38FCC8A3-DE46-4CD3-BE32-0D1508834992}.Ad-Hoc|iPhoneSimulator.Build.0 = Release|x86
		{38FCC8A3-DE46-4CD3-BE32-0D1508834992}.Ad-Hoc|iPhoneSimulator.Deploy.0 = Release|x86
		{38FCC8A3-DE46-4CD3-BE32-0D1508834992}.Ad-Hoc|x64.ActiveCfg = Release|x64
		{38FCC8A3-DE46-4CD3-BE32-0D1508834992}.Ad-Hoc|x64.Build.0 = Release|x64
		{38FCC8A3-DE46-4CD3-BE32-0D1508834992}.Ad-Hoc|x64.Deploy.0 = Release|x64
		{38FCC8A3-DE46-4CD3-BE32-0D1508834992}.Ad-Hoc|x86.ActiveCfg = Release|x86
		{38FCC8A3-DE46-4CD3-BE32-0D1508834992}.Ad-Hoc|x86.Build.0 = Release|x86
		{38FCC8A3-DE46-4CD3-BE32-0D1508834992}.Ad-Hoc|x86.Deploy.0 = Release|x86
		{38FCC8A3-DE46-4CD3-BE32-0D1508834992}.AppStore|Any CPU.ActiveCfg = Release|x86
		{38FCC8A3-DE46-4CD3-BE32-0D1508834992}.AppStore|Any CPU.Build.0 = Release|x86
		{38FCC8A3-DE46-4CD3-BE32-0D1508834992}.AppStore|Any CPU.Deploy.0 = Release|x86
		{38FCC8A3-DE46-4CD3-BE32-0D1508834992}.AppStore|ARM.ActiveCfg = Release|ARM
		{38FCC8A3-DE46-4CD3-BE32-0D1508834992}.AppStore|ARM.Build.0 = Release|ARM
		{38FCC8A3-DE46-4CD3-BE32-0D1508834992}.AppStore|ARM.Deploy.0 = Release|ARM
		{38FCC8A3-DE46-4CD3-BE32-0D1508834992}.AppStore|iPhone.ActiveCfg = Release|x86
		{38FCC8A3-DE46-4CD3-BE32-0D1508834992}.AppStore|iPhone.Build.0 = Release|x86
		{38FCC8A3-DE46-4CD3-BE32-0D1508834992}.AppStore|iPhone.Deploy.0 = Release|x86
		{38FCC8A3-DE46-4CD3-BE32-0D1508834992}.AppStore|iPhoneSimulator.ActiveCfg = Release|x86
		{38FCC8A3-DE46-4CD3-BE32-0D1508834992}.AppStore|iPhoneSimulator.Build.0 = Release|x86
		{38FCC8A3-DE46-4CD3-BE32-0D1508834992}.AppStore|iPhoneSimulator.Deploy.0 = Release|x86
		{38FCC8A3-DE46-4CD3-BE32-0D1508834992}.AppStore|x64.ActiveCfg = Release|x64
		{38FCC8A3-DE46-4CD3-BE32-0D1508834992}.AppStore|x64.Build.0 = Release|x64
		{38FCC8A3-DE46-4CD3-BE32-0D1508834992}.AppStore|x64.Deploy.0 = Release|x64
		{38FCC8A3-DE46-4CD3-BE32-0D1508834992}.AppStore|x86.ActiveCfg = Release|x86
		{38FCC8A3-DE46-4CD3-BE32-0D1508834992}.AppStore|x86.Build.0 = Release|x86
		{38FCC8A3-DE46-4CD3-BE32-0D1508834992}.AppStore|x86.Deploy.0 = Release|x86
		{38FCC8A3-DE46-4CD3-BE32-0D1508834992}.Debug|Any CPU.ActiveCfg = Debug|x86
		{38FCC8A3-DE46-4CD3-BE32-0D1508834992}.Debug|Any CPU.Build.0 = Debug|x86
		{38FCC8A3-DE46-4CD3-BE32-0D1508834992}.Debug|Any CPU.Deploy.0 = Debug|x86
		{38FCC8A3-DE46-4CD3-BE32-0D1508834992}.Debug|ARM.ActiveCfg = Debug|ARM
		{38FCC8A3-DE46-4CD3-BE32-0D1508834992}.Debug|ARM.Build.0 = Debug|ARM
		{38FCC8A3-DE46-4CD3-BE32-0D1508834992}.Debug|ARM.Deploy.0 = Debug|ARM
		{38FCC8A3-DE46-4CD3-BE32-0D1508834992}.Debug|iPhone.ActiveCfg = Debug|x86
		{38FCC8A3-DE46-4CD3-BE32-0D1508834992}.Debug|iPhone.Build.0 = Debug|x86
		{38FCC8A3-DE46-4CD3-BE32-0D1508834992}.Debug|iPhone.Deploy.0 = Debug|x86
		{38FCC8A3-DE46-4CD3-BE32-0D1508834992}.Debug|iPhoneSimulator.ActiveCfg = Debug|x86
		{38FCC8A3-DE46-4CD3-BE32-0D1508834992}.Debug|iPhoneSimulator.Build.0 = Debug|x86
		{38FCC8A3-DE46-4CD3-BE32-0D1508834992}.Debug|iPhoneSimulator.Deploy.0 = Debug|x86
		{38FCC8A3-DE46-4CD3-BE32-0D1508834992}.Debug|x64.ActiveCfg = Debug|x64
		{38FCC8A3-DE46-4CD3-BE32-0D1508834992}.Debug|x64.Build.0 = Debug|x64
		{38FCC8A3-DE46-4CD3-BE32-0D1508834992}.Debug|x64.Deploy.0 = Debug|x64
		{38FCC8A3-DE46-4CD3-BE32-0D1508834992}.Debug|x86.ActiveCfg = Debug|x86
		{38FCC8A3-DE46-4CD3-BE32-0D1508834992}.Debug|x86.Build.0 = Debug|x86
		{38FCC8A3-DE46-4CD3-BE32-0D1508834992}.Debug|x86.Deploy.0 = Debug|x86
		{38FCC8A3-DE46-4CD3-BE32-0D1508834992}.Release|Any CPU.ActiveCfg = Release|x86
		{38FCC8A3-DE46-4CD3-BE32-0D1508834992}.Release|Any CPU.Build.0 = Release|x86
		{38FCC8A3-DE46-4CD3-BE32-0D1508834992}.Release|Any CPU.Deploy.0 = Release|x86
		{38FCC8A3-DE46-4CD3-BE32-0D1508834992}.Release|ARM.ActiveCfg = Release|ARM
		{38FCC8A3-DE46-4CD3-BE32-0D1508834992}.Release|ARM.Build.0 = Release|ARM
		{38FCC8A3-DE46-4CD3-BE32-0D1508834992}.Release|ARM.Deploy.0 = Release|ARM
		{38FCC8A3-DE46-4CD3-BE32-0D1508834992}.Release|iPhone.ActiveCfg = Release|x86
		{38FCC8A3-DE46-4CD3-BE32-0D1508834992}.Release|iPhone.Build.0 = Release|x86
		{38FCC8A3-DE46-4CD3-BE32-0D1508834992}.Release|iPhone.Deploy.0 = Release|x86
		{38FCC8A3-DE46-4CD3-BE32-0D1508834992}.Release|iPhoneSimulator.ActiveCfg = Release|x86
		{38FCC8A3-DE46-4CD3-BE32-0D1508834992}.Release|iPhoneSimulator.Build.0 = Release|x86
		{38FCC8A3-DE46-4CD3-BE32-0D1508834992}.Release|iPhoneSimulator.Deploy.0 = Release|x86
		{38FCC8A3-DE46-4CD3-BE32-0D1508834992}.Release|x64.ActiveCfg = Release|x64
		{38FCC8A3-DE46-4CD3-BE32-0D1508834992}.Release|x64.Build.0 = Release|x64
		{38FCC8A3-DE46-4CD3-BE32-0D1508834992}.Release|x64.Deploy.0 = Release|x64
		{38FCC8A3-DE46-4CD3-BE32-0D1508834992}.Release|x86.ActiveCfg = Release|x86
		{38FCC8A3-DE46-4CD3-BE32-0D1508834992}.Release|x86.Build.0 = Release|x86
		{38FCC8A3-DE46-4CD3-BE32-0D1508834992}.Release|x86.Deploy.0 = Release|x86
		{7AAB5BE9-06A7-4FF3-80DC-974FC0F7E792}.Ad-Hoc|Any CPU.ActiveCfg = Debug|Any CPU
		{7AAB5BE9-06A7-4FF3-80DC-974FC0F7E792}.Ad-Hoc|Any CPU.Build.0 = Debug|Any CPU
		{7AAB5BE9-06A7-4FF3-80DC-974FC0F7E792}.Ad-Hoc|Any CPU.Deploy.0 = Debug|Any CPU
		{7AAB5BE9-06A7-4FF3-80DC-974FC0F7E792}.Ad-Hoc|ARM.ActiveCfg = Debug|Any CPU
		{7AAB5BE9-06A7-4FF3-80DC-974FC0F7E792}.Ad-Hoc|ARM.Build.0 = Debug|Any CPU
		{7AAB5BE9-06A7-4FF3-80DC-974FC0F7E792}.Ad-Hoc|ARM.Deploy.0 = Debug|Any CPU
		{7AAB5BE9-06A7-4FF3-80DC-974FC0F7E792}.Ad-Hoc|iPhone.ActiveCfg = Debug|Any CPU
		{7AAB5BE9-06A7-4FF3-80DC-974FC0F7E792}.Ad-Hoc|iPhone.Build.0 = Debug|Any CPU
		{7AAB5BE9-06A7-4FF3-80DC-974FC0F7E792}.Ad-Hoc|iPhone.Deploy.0 = Debug|Any CPU
		{7AAB5BE9-06A7-4FF3-80DC-974FC0F7E792}.Ad-Hoc|iPhoneSimulator.ActiveCfg = Debug|Any CPU
		{7AAB5BE9-06A7-4FF3-80DC-974FC0F7E792}.Ad-Hoc|iPhoneSimulator.Build.0 = Debug|Any CPU
		{7AAB5BE9-06A7-4FF3-80DC-974FC0F7E792}.Ad-Hoc|iPhoneSimulator.Deploy.0 = Debug|Any CPU
		{7AAB5BE9-06A7-4FF3-80DC-974FC0F7E792}.Ad-Hoc|x64.ActiveCfg = Debug|Any CPU
		{7AAB5BE9-06A7-4FF3-80DC-974FC0F7E792}.Ad-Hoc|x64.Build.0 = Debug|Any CPU
		{7AAB5BE9-06A7-4FF3-80DC-974FC0F7E792}.Ad-Hoc|x64.Deploy.0 = Debug|Any CPU
		{7AAB5BE9-06A7-4FF3-80DC-974FC0F7E792}.Ad-Hoc|x86.ActiveCfg = Debug|Any CPU
		{7AAB5BE9-06A7-4FF3-80DC-974FC0F7E792}.Ad-Hoc|x86.Build.0 = Debug|Any CPU
		{7AAB5BE9-06A7-4FF3-80DC-974FC0F7E792}.Ad-Hoc|x86.Deploy.0 = Debug|Any CPU
		{7AAB5BE9-06A7-4FF3-80DC-974FC0F7E792}.AppStore|Any CPU.ActiveCfg = Debug|Any CPU
		{7AAB5BE9-06A7-4FF3-80DC-974FC0F7E792}.AppStore|Any CPU.Build.0 = Debug|Any CPU
		{7AAB5BE9-06A7-4FF3-80DC-974FC0F7E792}.AppStore|Any CPU.Deploy.0 = Debug|Any CPU
		{7AAB5BE9-06A7-4FF3-80DC-974FC0F7E792}.AppStore|ARM.ActiveCfg = Debug|Any CPU
		{7AAB5BE9-06A7-4FF3-80DC-974FC0F7E792}.AppStore|ARM.Build.0 = Debug|Any CPU
		{7AAB5BE9-06A7-4FF3-80DC-974FC0F7E792}.AppStore|ARM.Deploy.0 = Debug|Any CPU
		{7AAB5BE9-06A7-4FF3-80DC-974FC0F7E792}.AppStore|iPhone.ActiveCfg = Debug|Any CPU
		{7AAB5BE9-06A7-4FF3-80DC-974FC0F7E792}.AppStore|iPhone.Build.0 = Debug|Any CPU
		{7AAB5BE9-06A7-4FF3-80DC-974FC0F7E792}.AppStore|iPhone.Deploy.0 = Debug|Any CPU
		{7AAB5BE9-06A7-4FF3-80DC-974FC0F7E792}.AppStore|iPhoneSimulator.ActiveCfg = Debug|Any CPU
		{7AAB5BE9-06A7-4FF3-80DC-974FC0F7E792}.AppStore|iPhoneSimulator.Build.0 = Debug|Any CPU
		{7AAB5BE9-06A7-4FF3-80DC-974FC0F7E792}.AppStore|iPhoneSimulator.Deploy.0 = Debug|Any CPU
		{7AAB5BE9-06A7-4FF3-80DC-974FC0F7E792}.AppStore|x64.ActiveCfg = Debug|Any CPU
		{7AAB5BE9-06A7-4FF3-80DC-974FC0F7E792}.AppStore|x64.Build.0 = Debug|Any CPU
		{7AAB5BE9-06A7-4FF3-80DC-974FC0F7E792}.AppStore|x64.Deploy.0 = Debug|Any CPU
		{7AAB5BE9-06A7-4FF3-80DC-974FC0F7E792}.AppStore|x86.ActiveCfg = Debug|Any CPU
		{7AAB5BE9-06A7-4FF3-80DC-974FC0F7E792}.AppStore|x86.Build.0 = Debug|Any CPU
		{7AAB5BE9-06A7-4FF3-80DC-974FC0F7E792}.AppStore|x86.Deploy.0 = Debug|Any CPU
		{7AAB5BE9-06A7-4FF3-80DC-974FC0F7E792}.Debug|Any CPU.ActiveCfg = Debug|Any CPU
		{7AAB5BE9-06A7-4FF3-80DC-974FC0F7E792}.Debug|Any CPU.Build.0 = Debug|Any CPU
		{7AAB5BE9-06A7-4FF3-80DC-974FC0F7E792}.Debug|Any CPU.Deploy.0 = Debug|Any CPU
		{7AAB5BE9-06A7-4FF3-80DC-974FC0F7E792}.Debug|ARM.ActiveCfg = Debug|Any CPU
		{7AAB5BE9-06A7-4FF3-80DC-974FC0F7E792}.Debug|ARM.Build.0 = Debug|Any CPU
		{7AAB5BE9-06A7-4FF3-80DC-974FC0F7E792}.Debug|ARM.Deploy.0 = Debug|Any CPU
		{7AAB5BE9-06A7-4FF3-80DC-974FC0F7E792}.Debug|iPhone.ActiveCfg = Debug|Any CPU
		{7AAB5BE9-06A7-4FF3-80DC-974FC0F7E792}.Debug|iPhone.Build.0 = Debug|Any CPU
		{7AAB5BE9-06A7-4FF3-80DC-974FC0F7E792}.Debug|iPhone.Deploy.0 = Debug|Any CPU
		{7AAB5BE9-06A7-4FF3-80DC-974FC0F7E792}.Debug|iPhoneSimulator.ActiveCfg = Debug|Any CPU
		{7AAB5BE9-06A7-4FF3-80DC-974FC0F7E792}.Debug|iPhoneSimulator.Build.0 = Debug|Any CPU
		{7AAB5BE9-06A7-4FF3-80DC-974FC0F7E792}.Debug|iPhoneSimulator.Deploy.0 = Debug|Any CPU
		{7AAB5BE9-06A7-4FF3-80DC-974FC0F7E792}.Debug|x64.ActiveCfg = Debug|Any CPU
		{7AAB5BE9-06A7-4FF3-80DC-974FC0F7E792}.Debug|x64.Build.0 = Debug|Any CPU
		{7AAB5BE9-06A7-4FF3-80DC-974FC0F7E792}.Debug|x64.Deploy.0 = Debug|Any CPU
		{7AAB5BE9-06A7-4FF3-80DC-974FC0F7E792}.Debug|x86.ActiveCfg = Debug|Any CPU
		{7AAB5BE9-06A7-4FF3-80DC-974FC0F7E792}.Debug|x86.Build.0 = Debug|Any CPU
		{7AAB5BE9-06A7-4FF3-80DC-974FC0F7E792}.Debug|x86.Deploy.0 = Debug|Any CPU
		{7AAB5BE9-06A7-4FF3-80DC-974FC0F7E792}.Release|Any CPU.ActiveCfg = Release|Any CPU
		{7AAB5BE9-06A7-4FF3-80DC-974FC0F7E792}.Release|Any CPU.Build.0 = Release|Any CPU
		{7AAB5BE9-06A7-4FF3-80DC-974FC0F7E792}.Release|Any CPU.Deploy.0 = Release|Any CPU
		{7AAB5BE9-06A7-4FF3-80DC-974FC0F7E792}.Release|ARM.ActiveCfg = Release|Any CPU
		{7AAB5BE9-06A7-4FF3-80DC-974FC0F7E792}.Release|ARM.Build.0 = Release|Any CPU
		{7AAB5BE9-06A7-4FF3-80DC-974FC0F7E792}.Release|ARM.Deploy.0 = Release|Any CPU
		{7AAB5BE9-06A7-4FF3-80DC-974FC0F7E792}.Release|iPhone.ActiveCfg = Release|Any CPU
		{7AAB5BE9-06A7-4FF3-80DC-974FC0F7E792}.Release|iPhone.Build.0 = Release|Any CPU
		{7AAB5BE9-06A7-4FF3-80DC-974FC0F7E792}.Release|iPhone.Deploy.0 = Release|Any CPU
		{7AAB5BE9-06A7-4FF3-80DC-974FC0F7E792}.Release|iPhoneSimulator.ActiveCfg = Release|Any CPU
		{7AAB5BE9-06A7-4FF3-80DC-974FC0F7E792}.Release|iPhoneSimulator.Build.0 = Release|Any CPU
		{7AAB5BE9-06A7-4FF3-80DC-974FC0F7E792}.Release|iPhoneSimulator.Deploy.0 = Release|Any CPU
		{7AAB5BE9-06A7-4FF3-80DC-974FC0F7E792}.Release|x64.ActiveCfg = Release|Any CPU
		{7AAB5BE9-06A7-4FF3-80DC-974FC0F7E792}.Release|x64.Build.0 = Release|Any CPU
		{7AAB5BE9-06A7-4FF3-80DC-974FC0F7E792}.Release|x64.Deploy.0 = Release|Any CPU
		{7AAB5BE9-06A7-4FF3-80DC-974FC0F7E792}.Release|x86.ActiveCfg = Release|Any CPU
		{7AAB5BE9-06A7-4FF3-80DC-974FC0F7E792}.Release|x86.Build.0 = Release|Any CPU
		{7AAB5BE9-06A7-4FF3-80DC-974FC0F7E792}.Release|x86.Deploy.0 = Release|Any CPU
	EndGlobalSection
	GlobalSection(SolutionProperties) = preSolution
		HideSolutionNode = FALSE
	EndGlobalSection
	GlobalSection(ExtensibilityGlobals) = postSolution
		SolutionGuid = {60EB5F66-3A74-4028-80F9-4C6951804212}
	EndGlobalSection
EndGlobal
